{
  "name": "marbles_web_assets",
  "lockfileVersion": 3,
  "requires": true,
  "packages": {
    "": {
      "name": "marbles_web_assets",
      "dependencies": {
        "tailwindcss": "^4.2.1"
      }
    },
    "node_modules/tailwindcss": {
      "version": "4.2.1",
      "resolved": "https://registry.npmjs.org/tailwindcss/-/tailwindcss-4.2.1.tgz",
      "integrity": "sha512-/tBrSQ36vCleJkAOsy9kbNTgaxvGbyOamC30PRePTQe/o1MFwEKHQk4Cn7BNGaPtjp+PuUrByJehM1hgxfq4sw==",
      "license": "MIT"
    }
  }
}
